<?xml version="1.0" encoding="utf-8"?>
<Project ToolsVersion="4.0" xmlns="http://schemas.microsoft.com/developer/msbuild/2003">
  <ItemGroup>
    <Filter Include="リソース ファイル">
      <UniqueIdentifier>{67DA6AB6-F800-4c08-8B7A-83BB121AAD01}</UniqueIdentifier>
      <Extensions>rc;ico;cur;bmp;dlg;rc2;rct;bin;rgs;gif;jpg;jpeg;jpe;resx;tiff;tif;png;wav;mfcribbon-ms</Extensions>
    </Filter>
    <Filter Include="sender">
      <UniqueIdentifier>{6aaa4024-e70e-4f14-a613-2f5d73455dd0}</UniqueIdentifier>
    </Filter>
    <Filter Include="common">
      <UniqueIdentifier>{d9df85b3-59e0-40e6-9481-cc0456da19f0}</UniqueIdentifier>
    </Filter>
    <Filter Include="source">
      <UniqueIdentifier>{4FC737F1-C7A5-4376-A066-2A32D752A2FF}</UniqueIdentifier>
      <Extensions>cpp;c;cc;cxx;def;odl;idl;hpj;bat;asm;asmx</Extensions>
    </Filter>
  </ItemGroup>
  <ItemGroup>
    <ClCompile Include="ledLib.cpp">
      <Filter>source</Filter>
    </ClCompile>
    <ClCompile Include="..\..\common\ledUtil.cpp">
      <Filter>common</Filter>
    </ClCompile>
    <ClCompile Include="..\..\sender\led.cpp">
      <Filter>sender</Filter>
    </ClCompile>
  </ItemGroup>
  <ItemGroup>
    <ClInclude Include="..\..\common\base64.hpp">
      <Filter>common</Filter>
    </ClInclude>
    <ClInclude Include="..\..\common\led.h">
      <Filter>common</Filter>
    </ClInclude>
    <ClInclude Include="..\..\common\ledUtil.h">
      <Filter>common</Filter>
    </ClInclude>
    <ClInclude Include="..\..\common\port.h">
      <Filter>common</Filter>
    </ClInclude>
    <ClInclude Include="..\..\common\show.hpp">
      <Filter>common</Filter>
    </ClInclude>
    <ClInclude Include="ledLib.h">
      <Filter>source</Filter>
    </ClInclude>
    <ClInclude Include="Resource.h">
      <Filter>source</Filter>
    </ClInclude>
    <ClInclude Include="targetver.h">
      <Filter>source</Filter>
    </ClInclude>
  </ItemGroup>
  <ItemGroup>
    <None Include="ledLib.def">
      <Filter>source</Filter>
    </None>
    <None Include="res\ledLib.rc2">
      <Filter>リソース ファイル</Filter>
    </None>
  </ItemGroup>
  <ItemGroup>
    <ResourceCompile Include="ledLib.rc">
      <Filter>リソース ファイル</Filter>
    </ResourceCompile>
  </ItemGroup>
</Project>